
Microsoft Visual Studio Solution File, Format Version 12.00
# Visual Studio Version 17
VisualStudioVersion = 17.1.31903.286
MinimumVisualStudioVersion = 10.0.40219.1
Project("{FAE04EC0-301F-11D3-BF4B-00C04F79EFBC}") = "ChatApiClient", "ChatApiClient\ChatApiClient.csproj", "{6251C939-0F43-439A-A79E-2EA9816287AE}"
EndProject
Project("{9A19103F-16F7-4668-BE54-9A1E7A4F7556}") = "ManyHelpers", "..\ManyHelpers\ManyHelpers\ManyHelpers.csproj", "{1ED72FDC-36CF-4493-A599-44FEB76F46BB}"
EndProject
Global
	GlobalSection(SolutionConfigurationPlatforms) = preSolution
		Debug|Any CPU = Debug|Any CPU
		Release|Any CPU = Release|Any CPU
	EndGlobalSection
	GlobalSection(ProjectConfigurationPlatforms) = postSolution
		{6251C939-0F43-439A-A79E-2EA9816287AE}.Debug|Any CPU.ActiveCfg = Debug|Any CPU
		{6251C939-0F43-439A-A79E-2EA9816287AE}.Debug|Any CPU.Build.0 = Debug|Any CPU
		{6251C939-0F43-439A-A79E-2EA9816287AE}.Release|Any CPU.ActiveCfg = Release|Any CPU
		{6251C939-0F43-439A-A79E-2EA9816287AE}.Release|Any CPU.Build.0 = Release|Any CPU
		{1ED72FDC-36CF-4493-A599-44FEB76F46BB}.Debug|Any CPU.ActiveCfg = Debug|Any CPU
		{1ED72FDC-36CF-4493-A599-44FEB76F46BB}.Debug|Any CPU.Build.0 = Debug|Any CPU
		{1ED72FDC-36CF-4493-A599-44FEB76F46BB}.Release|Any CPU.ActiveCfg = Release|Any CPU
		{1ED72FDC-36CF-4493-A599-44FEB76F46BB}.Release|Any CPU.Build.0 = Release|Any CPU
	EndGlobalSection
	GlobalSection(SolutionProperties) = preSolution
		HideSolutionNode = FALSE
	EndGlobalSection
	GlobalSection(ExtensibilityGlobals) = postSolution
		SolutionGuid = {EDFA4E22-8B27-4C63-AF2D-F1E2DBAE7267}
	EndGlobalSection
EndGlobal
